
Microsoft Visual Studio Solution File, Format Version 12.00
Project("{FAE04EC0-301F-11D3-BF4B-00C04F79EFBC}") = "DummyJsonTests", "DummyJsonTests\DummyJsonTests.csproj", "{2F84BEE0-D234-49C4-AF7D-F00ED4F31CDB}"
EndProject
Global
	GlobalSection(SolutionConfigurationPlatforms) = preSolution
		Debug|Any CPU = Debug|Any CPU
		Release|Any CPU = Release|Any CPU
	EndGlobalSection
	GlobalSection(ProjectConfigurationPlatforms) = postSolution
		{2F84BEE0-D234-49C4-AF7D-F00ED4F31CDB}.Debug|Any CPU.ActiveCfg = Debug|Any CPU
		{2F84BEE0-D234-49C4-AF7D-F00ED4F31CDB}.Debug|Any CPU.Build.0 = Debug|Any CPU
		{2F84BEE0-D234-49C4-AF7D-F00ED4F31CDB}.Release|Any CPU.ActiveCfg = Release|Any CPU
		{2F84BEE0-D234-49C4-AF7D-F00ED4F31CDB}.Release|Any CPU.Build.0 = Release|Any CPU
	EndGlobalSection
EndGlobal
